
Microsoft Visual Studio Solution File, Format Version 12.00
# Visual Studio Version 17
VisualStudioVersion = 17.4.33122.133
MinimumVisualStudioVersion = 10.0.40219.1
Project("{FAE04EC0-301F-11D3-BF4B-00C04F79EFBC}") = "DataBaseReq", "DataBaseReq\DataBaseReq.csproj", "{A36C0972-8345-4AEA-97D8-7D8C72296912}"
EndProject
Global
	GlobalSection(SolutionConfigurationPlatforms) = preSolution
		Debug|Any CPU = Debug|Any CPU
		Release|Any CPU = Release|Any CPU
	EndGlobalSection
	GlobalSection(ProjectConfigurationPlatforms) = postSolution
		{A36C0972-8345-4AEA-97D8-7D8C72296912}.Debug|Any CPU.ActiveCfg = Debug|Any CPU
		{A36C0972-8345-4AEA-97D8-7D8C72296912}.Debug|Any CPU.Build.0 = Debug|Any CPU
		{A36C0972-8345-4AEA-97D8-7D8C72296912}.Release|Any CPU.ActiveCfg = Release|Any CPU
		{A36C0972-8345-4AEA-97D8-7D8C72296912}.Release|Any CPU.Build.0 = Release|Any CPU
	EndGlobalSection
	GlobalSection(SolutionProperties) = preSolution
		HideSolutionNode = FALSE
	EndGlobalSection
	GlobalSection(ExtensibilityGlobals) = postSolution
		SolutionGuid = {63EA7F1A-D9B4-45C9-9358-DB060DDAF5EB}
	EndGlobalSection
EndGlobal
